// !$*UTF8*$!
{
	archiveVersion = 1;
	classes = {
	};
	objectVersion = 46;
	objects = {

/* Begin PBXBuildFile section */
		7CFAC9A97B57443FC1ABDAB4 /* Pods_Studacom.framework in Frameworks */ = {isa = PBXBuildFile; fileRef = 8EBE23C76A9775D4FDBA6C93 /* Pods_Studacom.framework */; };
		A93DEABE1E9294B800796D16 /* CustomCell.swift in Sources */ = {isa = PBXBuildFile; fileRef = A93DEABD1E9294B800796D16 /* CustomCell.swift */; };
		A93ECCB61E82F67B00DE6413 /* AppDelegate.swift in Sources */ = {isa = PBXBuildFile; fileRef = A93ECCB51E82F67B00DE6413 /* AppDelegate.swift */; };
		A93ECCB81E82F67B00DE6413 /* MenuViewController.swift in Sources */ = {isa = PBXBuildFile; fileRef = A93ECCB71E82F67B00DE6413 /* MenuViewController.swift */; };
		A93ECCBE1E82F67B00DE6413 /* Studacom.xcdatamodeld in Sources */ = {isa = PBXBuildFile; fileRef = A93ECCBC1E82F67B00DE6413 /* Studacom.xcdatamodeld */; };
		A93ECCC01E82F67B00DE6413 /* Assets.xcassets in Resources */ = {isa = PBXBuildFile; fileRef = A93ECCBF1E82F67B00DE6413 /* Assets.xcassets */; };
		A93ECCC31E82F67B00DE6413 /* LaunchScreen.storyboard in Resources */ = {isa = PBXBuildFile; fileRef = A93ECCC11E82F67B00DE6413 /* LaunchScreen.storyboard */; };
		A9577AA61E8D37A5001399B8 /* UserViewController.swift in Sources */ = {isa = PBXBuildFile; fileRef = A9577AA51E8D37A5001399B8 /* UserViewController.swift */; };
		A9577AA81E8D4DD8001399B8 /* HelpSecondViewController.swift in Sources */ = {isa = PBXBuildFile; fileRef = A9577AA71E8D4DD8001399B8 /* HelpSecondViewController.swift */; };
		A9577AAA1E8D5214001399B8 /* HelpThirdViewController.swift in Sources */ = {isa = PBXBuildFile; fileRef = A9577AA91E8D5214001399B8 /* HelpThirdViewController.swift */; };
		A9577AAC1E8D5566001399B8 /* HelpFourthViewController.swift in Sources */ = {isa = PBXBuildFile; fileRef = A9577AAB1E8D5566001399B8 /* HelpFourthViewController.swift */; };
		A9577AAE1E8D557A001399B8 /* HelpFifthViewController.swift in Sources */ = {isa = PBXBuildFile; fileRef = A9577AAD1E8D557A001399B8 /* HelpFifthViewController.swift */; };
		A96A29EA1E8423A000FDEBD9 /* AccountViewController.swift in Sources */ = {isa = PBXBuildFile; fileRef = A96A29E91E8423A000FDEBD9 /* AccountViewController.swift */; };
		A96A29EC1E8424B700FDEBD9 /* PostViewController.swift in Sources */ = {isa = PBXBuildFile; fileRef = A96A29EB1E8424B700FDEBD9 /* PostViewController.swift */; };
		A96A29EE1E8424F900FDEBD9 /* HelpViewController.swift in Sources */ = {isa = PBXBuildFile; fileRef = A96A29ED1E8424F900FDEBD9 /* HelpViewController.swift */; };
		A96A29F11E842A0100FDEBD9 /* Main.storyboard in Resources */ = {isa = PBXBuildFile; fileRef = A96A29EF1E842A0100FDEBD9 /* Main.storyboard */; };
		A96A29F31E842A2600FDEBD9 /* FavouritesViewController.swift in Sources */ = {isa = PBXBuildFile; fileRef = A96A29F21E842A2600FDEBD9 /* FavouritesViewController.swift */; };
		A96A29F51E845E7E00FDEBD9 /* MapViewController.swift in Sources */ = {isa = PBXBuildFile; fileRef = A96A29F41E845E7E00FDEBD9 /* MapViewController.swift */; };
		A96A29F91E84823000FDEBD9 /* SearchViewController.swift in Sources */ = {isa = PBXBuildFile; fileRef = A96A29F81E84823000FDEBD9 /* SearchViewController.swift */; };
		A977FD2E1E856FC800E61D7A /* Accommodation.swift in Sources */ = {isa = PBXBuildFile; fileRef = A977FD2D1E856FC800E61D7A /* Accommodation.swift */; };
		A977FD301E85867200E61D7A /* User.swift in Sources */ = {isa = PBXBuildFile; fileRef = A977FD2F1E85867200E61D7A /* User.swift */; };
		A99332811E893EB800ECF659 /* PropertyInfoViewController.swift in Sources */ = {isa = PBXBuildFile; fileRef = A99332801E893EB800ECF659 /* PropertyInfoViewController.swift */; };
		A9CEB7991E8AB531002CE794 /* PropertyInfoSecondViewController.swift in Sources */ = {isa = PBXBuildFile; fileRef = A9CEB7981E8AB531002CE794 /* PropertyInfoSecondViewController.swift */; };
		A9CEB79B1E8AB5BD002CE794 /* PropertyInfoThirdViewController.swift in Sources */ = {isa = PBXBuildFile; fileRef = A9CEB79A1E8AB5BD002CE794 /* PropertyInfoThirdViewController.swift */; };
		A9D6F3D91E8E793900EDBEA1 /* SearchResultsViewController.swift in Sources */ = {isa = PBXBuildFile; fileRef = A9D6F3D81E8E793900EDBEA1 /* SearchResultsViewController.swift */; };
		A9D6F3DB1E8E7DA600EDBEA1 /* CustomAnnotation.swift in Sources */ = {isa = PBXBuildFile; fileRef = A9D6F3DA1E8E7DA600EDBEA1 /* CustomAnnotation.swift */; };
/* End PBXBuildFile section */

/* Begin PBXFileReference section */
		67CAD2F4F3452BB9E142EF4C /* Pods-Studacom.debug.xcconfig */ = {isa = PBXFileReference; includeInIndex = 1; lastKnownFileType = text.xcconfig; name = "Pods-Studacom.debug.xcconfig"; path = "Pods/Target Support Files/Pods-Studacom/Pods-Studacom.debug.xcconfig"; sourceTree = "<group>"; };
		8EBE23C76A9775D4FDBA6C93 /* Pods_Studacom.framework */ = {isa = PBXFileReference; explicitFileType = wrapper.framework; includeInIndex = 0; path = Pods_Studacom.framework; sourceTree = BUILT_PRODUCTS_DIR; };
		A2B17CD6C3F50DD876F199CC /* Pods-Studacom.release.xcconfig */ = {isa = PBXFileReference; includeInIndex = 1; lastKnownFileType = text.xcconfig; name = "Pods-Studacom.release.xcconfig"; path = "Pods/Target Support Files/Pods-Studacom/Pods-Studacom.release.xcconfig"; sourceTree = "<group>"; };
		A93DEABD1E9294B800796D16 /* CustomCell.swift */ = {isa = PBXFileReference; fileEncoding = 4; lastKnownFileType = sourcecode.swift; path = CustomCell.swift; sourceTree = "<group>"; };
		A93ECCB21E82F67B00DE6413 /* Studacom.app */ = {isa = PBXFileReference; explicitFileType = wrapper.application; includeInIndex = 0; path = Studacom.app; sourceTree = BUILT_PRODUCTS_DIR; };
		A93ECCB51E82F67B00DE6413 /* AppDelegate.swift */ = {isa = PBXFileReference; lastKnownFileType = sourcecode.swift; path = AppDelegate.swift; sourceTree = "<group>"; };
		A93ECCB71E82F67B00DE6413 /* MenuViewController.swift */ = {isa = PBXFileReference; lastKnownFileType = sourcecode.swift; path = MenuViewController.swift; sourceTree = "<group>"; };
		A93ECCBD1E82F67B00DE6413 /* Studacom.xcdatamodel */ = {isa = PBXFileReference; lastKnownFileType = wrapper.xcdatamodel; path = Studacom.xcdatamodel; sourceTree = "<group>"; };
		A93ECCBF1E82F67B00DE6413 /* Assets.xcassets */ = {isa = PBXFileReference; lastKnownFileType = folder.assetcatalog; path = Assets.xcassets; sourceTree = "<group>"; };
		A93ECCC21E82F67B00DE6413 /* Base */ = {isa = PBXFileReference; lastKnownFileType = file.storyboard; name = Base; path = Base.lproj/LaunchScreen.storyboard; sourceTree = "<group>"; };
		A93ECCC41E82F67B00DE6413 /* Info.plist */ = {isa = PBXFileReference; lastKnownFileType = text.plist.xml; path = Info.plist; sourceTree = "<group>"; };
		A9577AA51E8D37A5001399B8 /* UserViewController.swift */ = {isa = PBXFileReference; fileEncoding = 4; lastKnownFileType = sourcecode.swift; path = UserViewController.swift; sourceTree = "<group>"; };
		A9577AA71E8D4DD8001399B8 /* HelpSecondViewController.swift */ = {isa = PBXFileReference; fileEncoding = 4; lastKnownFileType = sourcecode.swift; path = HelpSecondViewController.swift; sourceTree = "<group>"; };
		A9577AA91E8D5214001399B8 /* HelpThirdViewController.swift */ = {isa = PBXFileReference; fileEncoding = 4; lastKnownFileType = sourcecode.swift; path = HelpThirdViewController.swift; sourceTree = "<group>"; };
		A9577AAB1E8D5566001399B8 /* HelpFourthViewController.swift */ = {isa = PBXFileReference; fileEncoding = 4; lastKnownFileType = sourcecode.swift; path = HelpFourthViewController.swift; sourceTree = "<group>"; };
		A9577AAD1E8D557A001399B8 /* HelpFifthViewController.swift */ = {isa = PBXFileReference; fileEncoding = 4; lastKnownFileType = sourcecode.swift; path = HelpFifthViewController.swift; sourceTree = "<group>"; };
		A96A29E91E8423A000FDEBD9 /* AccountViewController.swift */ = {isa = PBXFileReference; fileEncoding = 4; lastKnownFileType = sourcecode.swift; path = AccountViewController.swift; sourceTree = "<group>"; };
		A96A29EB1E8424B700FDEBD9 /* PostViewController.swift */ = {isa = PBXFileReference; fileEncoding = 4; lastKnownFileType = sourcecode.swift; path = PostViewController.swift; sourceTree = "<group>"; };
		A96A29ED1E8424F900FDEBD9 /* HelpViewController.swift */ = {isa = PBXFileReference; fileEncoding = 4; lastKnownFileType = sourcecode.swift; path = HelpViewController.swift; sourceTree = "<group>"; };
		A96A29F01E842A0100FDEBD9 /* Base */ = {isa = PBXFileReference; lastKnownFileType = file.storyboard; name = Base; path = Base.lproj/Main.storyboard; sourceTree = "<group>"; };
		A96A29F21E842A2600FDEBD9 /* FavouritesViewController.swift */ = {isa = PBXFileReference; fileEncoding = 4; lastKnownFileType = sourcecode.swift; path = FavouritesViewController.swift; sourceTree = "<group>"; };
		A96A29F41E845E7E00FDEBD9 /* MapViewController.swift */ = {isa = PBXFileReference; fileEncoding = 4; lastKnownFileType = sourcecode.swift; path = MapViewController.swift; sourceTree = "<group>"; };
		A96A29F61E84772600FDEBD9 /* BU.gpx */ = {isa = PBXFileReference; lastKnownFileType = text.xml; path = BU.gpx; sourceTree = "<group>"; };
		A96A29F71E84773600FDEBD9 /* Winton_Route.gpx */ = {isa = PBXFileReference; lastKnownFileType = text.xml; path = Winton_Route.gpx; sourceTree = "<group>"; };
		A96A29F81E84823000FDEBD9 /* SearchViewController.swift */ = {isa = PBXFileReference; fileEncoding = 4; lastKnownFileType = sourcecode.swift; path = SearchViewController.swift; sourceTree = "<group>"; };
		A977FD2D1E856FC800E61D7A /* Accommodation.swift */ = {isa = PBXFileReference; fileEncoding = 4; lastKnownFileType = sourcecode.swift; path = Accommodation.swift; sourceTree = "<group>"; };
		A977FD2F1E85867200E61D7A /* User.swift */ = {isa = PBXFileReference; fileEncoding = 4; lastKnownFileType = sourcecode.swift; path = User.swift; sourceTree = "<group>"; };
		A99332801E893EB800ECF659 /* PropertyInfoViewController.swift */ = {isa = PBXFileReference; fileEncoding = 4; lastKnownFileType = sourcecode.swift; path = PropertyInfoViewController.swift; sourceTree = "<group>"; };
		A9CEB7981E8AB531002CE794 /* PropertyInfoSecondViewController.swift */ = {isa = PBXFileReference; fileEncoding = 4; lastKnownFileType = sourcecode.swift; path = PropertyInfoSecondViewController.swift; sourceTree = "<group>"; };
		A9CEB79A1E8AB5BD002CE794 /* PropertyInfoThirdViewController.swift */ = {isa = PBXFileReference; fileEncoding = 4; lastKnownFileType = sourcecode.swift; path = PropertyInfoThirdViewController.swift; sourceTree = "<group>"; };
		A9D6F3D81E8E793900EDBEA1 /* SearchResultsViewController.swift */ = {isa = PBXFileReference; fileEncoding = 4; lastKnownFileType = sourcecode.swift; path = SearchResultsViewController.swift; sourceTree = "<group>"; };
		A9D6F3DA1E8E7DA600EDBEA1 /* CustomAnnotation.swift */ = {isa = PBXFileReference; fileEncoding = 4; lastKnownFileType = sourcecode.swift; path = CustomAnnotation.swift; sourceTree = "<group>"; };
/* End PBXFileReference section */

/* Begin PBXFrameworksBuildPhase section */
		A93ECCAF1E82F67B00DE6413 /* Frameworks */ = {
			isa = PBXFrameworksBuildPhase;
			buildActionMask = 2147483647;
			files = (
				7CFAC9A97B57443FC1ABDAB4 /* Pods_Studacom.framework in Frameworks */,
			);
			runOnlyForDeploymentPostprocessing = 0;
		};
/* End PBXFrameworksBuildPhase section */

/* Begin PBXGroup section */
		099400992110621F60AE7913 /* Frameworks */ = {
			isa = PBXGroup;
			children = (
				8EBE23C76A9775D4FDBA6C93 /* Pods_Studacom.framework */,
			);
			name = Frameworks;
			sourceTree = "<group>";
		};
		0DF89B561CC620A915014651 /* Pods */ = {
			isa = PBXGroup;
			children = (
				67CAD2F4F3452BB9E142EF4C /* Pods-Studacom.debug.xcconfig */,
				A2B17CD6C3F50DD876F199CC /* Pods-Studacom.release.xcconfig */,
			);
			name = Pods;
			sourceTree = "<group>";
		};
		A93ECCA91E82F67B00DE6413 = {
			isa = PBXGroup;
			children = (
				A96A29F61E84772600FDEBD9 /* BU.gpx */,
				A96A29F71E84773600FDEBD9 /* Winton_Route.gpx */,
				A93ECCB41E82F67B00DE6413 /* Studacom */,
				A93ECCB31E82F67B00DE6413 /* Products */,
				0DF89B561CC620A915014651 /* Pods */,
				099400992110621F60AE7913 /* Frameworks */,
			);
			sourceTree = "<group>";
		};
		A93ECCB31E82F67B00DE6413 /* Products */ = {
			isa = PBXGroup;
			children = (
				A93ECCB21E82F67B00DE6413 /* Studacom.app */,
			);
			name = Products;
			sourceTree = "<group>";
		};
		A93ECCB41E82F67B00DE6413 /* Studacom */ = {
			isa = PBXGroup;
			children = (
				A93ECCB51E82F67B00DE6413 /* AppDelegate.swift */,
				A93ECCB71E82F67B00DE6413 /* MenuViewController.swift */,
				A96A29F21E842A2600FDEBD9 /* FavouritesViewController.swift */,
				A96A29EB1E8424B700FDEBD9 /* PostViewController.swift */,
				A96A29E91E8423A000FDEBD9 /* AccountViewController.swift */,
				A96A29ED1E8424F900FDEBD9 /* HelpViewController.swift */,
				A9577AA71E8D4DD8001399B8 /* HelpSecondViewController.swift */,
				A9577AA91E8D5214001399B8 /* HelpThirdViewController.swift */,
				A9577AAB1E8D5566001399B8 /* HelpFourthViewController.swift */,
				A9577AAD1E8D557A001399B8 /* HelpFifthViewController.swift */,
				A96A29F41E845E7E00FDEBD9 /* MapViewController.swift */,
				A9D6F3D81E8E793900EDBEA1 /* SearchResultsViewController.swift */,
				A96A29F81E84823000FDEBD9 /* SearchViewController.swift */,
				A9D6F3DA1E8E7DA600EDBEA1 /* CustomAnnotation.swift */,
				A93DEABD1E9294B800796D16 /* CustomCell.swift */,
				A99332801E893EB800ECF659 /* PropertyInfoViewController.swift */,
				A9CEB7981E8AB531002CE794 /* PropertyInfoSecondViewController.swift */,
				A9CEB79A1E8AB5BD002CE794 /* PropertyInfoThirdViewController.swift */,
				A977FD2D1E856FC800E61D7A /* Accommodation.swift */,
				A977FD2F1E85867200E61D7A /* User.swift */,
				A9577AA51E8D37A5001399B8 /* UserViewController.swift */,
				A96A29EF1E842A0100FDEBD9 /* Main.storyboard */,
				A93ECCBF1E82F67B00DE6413 /* Assets.xcassets */,
				A93ECCC11E82F67B00DE6413 /* LaunchScreen.storyboard */,
				A93ECCC41E82F67B00DE6413 /* Info.plist */,
				A93ECCBC1E82F67B00DE6413 /* Studacom.xcdatamodeld */,
			);
			path = Studacom;
			sourceTree = "<group>";
		};
/* End PBXGroup section */

/* Begin PBXNativeTarget section */
		A93ECCB11E82F67B00DE6413 /* Studacom */ = {
			isa = PBXNativeTarget;
			buildConfigurationList = A93ECCC71E82F67B00DE6413 /* Build configuration list for PBXNativeTarget "Studacom" */;
			buildPhases = (
				41C7A821A910BD8931D6B777 /* [CP] Check Pods Manifest.lock */,
				A93ECCAE1E82F67B00DE6413 /* Sources */,
				A93ECCAF1E82F67B00DE6413 /* Frameworks */,
				A93ECCB01E82F67B00DE6413 /* Resources */,
				E0CE46F8F9E00D951DF1BCDA /* [CP] Embed Pods Frameworks */,
				8EA567B06F65A6E10D4F39D2 /* [CP] Copy Pods Resources */,
			);
			buildRules = (
			);
			dependencies = (
			);
			name = Studacom;
			productName = Studacom;
			productReference = A93ECCB21E82F67B00DE6413 /* Studacom.app */;
			productType = "com.apple.product-type.application";
		};
/* End PBXNativeTarget section */

/* Begin PBXProject section */
		A93ECCAA1E82F67B00DE6413 /* Project object */ = {
			isa = PBXProject;
			attributes = {
				LastSwiftUpdateCheck = 0820;
				LastUpgradeCheck = 0820;
				ORGANIZATIONNAME = "Robin Osolinski";
				TargetAttributes = {
					A93ECCB11E82F67B00DE6413 = {
						CreatedOnToolsVersion = 8.2.1;
						DevelopmentTeam = PB5S47GH58;
						ProvisioningStyle = Automatic;
					};
				};
			};
			buildConfigurationList = A93ECCAD1E82F67B00DE6413 /* Build configuration list for PBXProject "Studacom" */;
			compatibilityVersion = "Xcode 3.2";
			developmentRegion = English;
			hasScannedForEncodings = 0;
			knownRegions = (
				en,
				Base,
			);
			mainGroup = A93ECCA91E82F67B00DE6413;
			productRefGroup = A93ECCB31E82F67B00DE6413 /* Products */;
			projectDirPath = "";
			projectRoot = "";
			targets = (
				A93ECCB11E82F67B00DE6413 /* Studacom */,
			);
		};
/* End PBXProject section */

/* Begin PBXResourcesBuildPhase section */
		A93ECCB01E82F67B00DE6413 /* Resources */ = {
			isa = PBXResourcesBuildPhase;
			buildActionMask = 2147483647;
			files = (
				A96A29F11E842A0100FDEBD9 /* Main.storyboard in Resources */,
				A93ECCC31E82F67B00DE6413 /* LaunchScreen.storyboard in Resources */,
				A93ECCC01E82F67B00DE6413 /* Assets.xcassets in Resources */,
			);
			runOnlyForDeploymentPostprocessing = 0;
		};
/* End PBXResourcesBuildPhase section */

/* Begin PBXShellScriptBuildPhase section */
		41C7A821A910BD8931D6B777 /* [CP] Check Pods Manifest.lock */ = {
			isa = PBXShellScriptBuildPhase;
			buildActionMask = 2147483647;
			files = (
			);
			inputPaths = (
			);
			name = "[CP] Check Pods Manifest.lock";
			outputPaths = (
			);
			runOnlyForDeploymentPostprocessing = 0;
			shellPath = /bin/sh;
			shellScript = "diff \"${PODS_ROOT}/../Podfile.lock\" \"${PODS_ROOT}/Manifest.lock\" > /dev/null\nif [ $? != 0 ] ; then\n    # print error to STDERR\n    echo \"error: The sandbox is not in sync with the Podfile.lock. Run 'pod install' or update your CocoaPods installation.\" >&2\n    exit 1\nfi\n";
			showEnvVarsInLog = 0;
		};
		8EA567B06F65A6E10D4F39D2 /* [CP] Copy Pods Resources */ = {
			isa = PBXShellScriptBuildPhase;
			buildActionMask = 2147483647;
			files = (
			);
			inputPaths = (
			);
			name = "[CP] Copy Pods Resources";
			outputPaths = (
			);
			runOnlyForDeploymentPostprocessing = 0;
			shellPath = /bin/sh;
			shellScript = "\"${SRCROOT}/Pods/Target Support Files/Pods-Studacom/Pods-Studacom-resources.sh\"\n";
			showEnvVarsInLog = 0;
		};
		E0CE46F8F9E00D951DF1BCDA /* [CP] Embed Pods Frameworks */ = {
			isa = PBXShellScriptBuildPhase;
			buildActionMask = 2147483647;
			files = (
			);
			inputPaths = (
			);
			name = "[CP] Embed Pods Frameworks";
			outputPaths = (
			);
			runOnlyForDeploymentPostprocessing = 0;
			shellPath = /bin/sh;
			shellScript = "\"${SRCROOT}/Pods/Target Support Files/Pods-Studacom/Pods-Studacom-frameworks.sh\"\n";
			showEnvVarsInLog = 0;
		};
/* End PBXShellScriptBuildPhase section */

/* Begin PBXSourcesBuildPhase section */
		A93ECCAE1E82F67B00DE6413 /* Sources */ = {
			isa = PBXSourcesBuildPhase;
			buildActionMask = 2147483647;
			files = (
				A96A29EE1E8424F900FDEBD9 /* HelpViewController.swift in Sources */,
				A9577AA61E8D37A5001399B8 /* UserViewController.swift in Sources */,
				A93DEABE1E9294B800796D16 /* CustomCell.swift in Sources */,
				A96A29EC1E8424B700FDEBD9 /* PostViewController.swift in Sources */,
				A9577AAE1E8D557A001399B8 /* HelpFifthViewController.swift in Sources */,
				A96A29EA1E8423A000FDEBD9 /* AccountViewController.swift in Sources */,
				A9577AAA1E8D5214001399B8 /* HelpThirdViewController.swift in Sources */,
				A96A29F91E84823000FDEBD9 /* SearchViewController.swift in Sources */,
				A93ECCB81E82F67B00DE6413 /* MenuViewController.swift in Sources */,
				A9577AAC1E8D5566001399B8 /* HelpFourthViewController.swift in Sources */,
				A9D6F3D91E8E793900EDBEA1 /* SearchResultsViewController.swift in Sources */,
				A9CEB79B1E8AB5BD002CE794 /* PropertyInfoThirdViewController.swift in Sources */,
				A93ECCB61E82F67B00DE6413 /* AppDelegate.swift in Sources */,
				A99332811E893EB800ECF659 /* PropertyInfoViewController.swift in Sources */,
				A96A29F31E842A2600FDEBD9 /* FavouritesViewController.swift in Sources */,
				A93ECCBE1E82F67B00DE6413 /* Studacom.xcdatamodeld in Sources */,
				A977FD2E1E856FC800E61D7A /* Accommodation.swift in Sources */,
				A9CEB7991E8AB531002CE794 /* PropertyInfoSecondViewController.swift in Sources */,
				A9577AA81E8D4DD8001399B8 /* HelpSecondViewController.swift in Sources */,
				A96A29F51E845E7E00FDEBD9 /* MapViewController.swift in Sources */,
				A977FD301E85867200E61D7A /* User.swift in Sources */,
				A9D6F3DB1E8E7DA600EDBEA1 /* CustomAnnotation.swift in Sources */,
			);
			runOnlyForDeploymentPostprocessing = 0;
		};
/* End PBXSourcesBuildPhase section */

/* Begin PBXVariantGroup section */
		A93ECCC11E82F67B00DE6413 /* LaunchScreen.storyboard */ = {
			isa = PBXVariantGroup;
			children = (
				A93ECCC21E82F67B00DE6413 /* Base */,
			);
			name = LaunchScreen.storyboard;
			sourceTree = "<group>";
		};
		A96A29EF1E842A0100FDEBD9 /* Main.storyboard */ = {
			isa = PBXVariantGroup;
			children = (
				A96A29F01E842A0100FDEBD9 /* Base */,
			);
			name = Main.storyboard;
			sourceTree = "<group>";
		};
/* End PBXVariantGroup section */

/* Begin XCBuildConfiguration section */
		A93ECCC51E82F67B00DE6413 /* Debug */ = {
			isa = XCBuildConfiguration;
			buildSettings = {
				ALWAYS_SEARCH_USER_PATHS = NO;
				CLANG_ANALYZER_NONNULL = YES;
				CLANG_CXX_LANGUAGE_STANDARD = "gnu++0x";
				CLANG_CXX_LIBRARY = "libc++";
				CLANG_ENABLE_MODULES = YES;
				CLANG_ENABLE_OBJC_ARC = YES;
				CLANG_WARN_BOOL_CONVERSION = YES;
				CLANG_WARN_CONSTANT_CONVERSION = YES;
				CLANG_WARN_DIRECT_OBJC_ISA_USAGE = YES_ERROR;
				CLANG_WARN_DOCUMENTATION_COMMENTS = YES;
				CLANG_WARN_EMPTY_BODY = YES;
				CLANG_WARN_ENUM_CONVERSION = YES;
				CLANG_WARN_INFINITE_RECURSION = YES;
				CLANG_WARN_INT_CONVERSION = YES;
				CLANG_WARN_OBJC_ROOT_CLASS = YES_ERROR;
				CLANG_WARN_SUSPICIOUS_MOVE = YES;
				CLANG_WARN_UNREACHABLE_CODE = YES;
				CLANG_WARN__DUPLICATE_METHOD_MATCH = YES;
				"CODE_SIGN_IDENTITY[sdk=iphoneos*]" = "iPhone Developer";
				COPY_PHASE_STRIP = NO;
				DEBUG_INFORMATION_FORMAT = dwarf;
				ENABLE_STRICT_OBJC_MSGSEND = YES;
				ENABLE_TESTABILITY = YES;
				GCC_C_LANGUAGE_STANDARD = gnu99;
				GCC_DYNAMIC_NO_PIC = NO;
				GCC_NO_COMMON_BLOCKS = YES;
				GCC_OPTIMIZATION_LEVEL = 0;
				GCC_PREPROCESSOR_DEFINITIONS = (
					"DEBUG=1",
					"$(inherited)",
				);
				GCC_WARN_64_TO_32_BIT_CONVERSION = YES;
				GCC_WARN_ABOUT_RETURN_TYPE = YES_ERROR;
				GCC_WARN_UNDECLARED_SELECTOR = YES;
				GCC_WARN_UNINITIALIZED_AUTOS = YES_AGGRESSIVE;
				GCC_WARN_UNUSED_FUNCTION = YES;
				GCC_WARN_UNUSED_VARIABLE = YES;
				IPHONEOS_DEPLOYMENT_TARGET = 10.2;
				MTL_ENABLE_DEBUG_INFO = YES;
				ONLY_ACTIVE_ARCH = YES;
				SDKROOT = iphoneos;
				SWIFT_ACTIVE_COMPILATION_CONDITIONS = DEBUG;
				SWIFT_OPTIMIZATION_LEVEL = "-Onone";
			};
			name = Debug;
		};
		A93ECCC61E82F67B00DE6413 /* Release */ = {
			isa = XCBuildConfiguration;
			buildSettings = {
				ALWAYS_SEARCH_USER_PATHS = NO;
				CLANG_ANALYZER_NONNULL = YES;
				CLANG_CXX_LANGUAGE_STANDARD = "gnu++0x";
				CLANG_CXX_LIBRARY = "libc++";
				CLANG_ENABLE_MODULES = YES;
				CLANG_ENABLE_OBJC_ARC = YES;
				CLANG_WARN_BOOL_CONVERSION = YES;
				CLANG_WARN_CONSTANT_CONVERSION = YES;
				CLANG_WARN_DIRECT_OBJC_ISA_USAGE = YES_ERROR;
				CLANG_WARN_DOCUMENTATION_COMMENTS = YES;
				CLANG_WARN_EMPTY_BODY = YES;
				CLANG_WARN_ENUM_CONVERSION = YES;
				CLANG_WARN_INFINITE_RECURSION = YES;
				CLANG_WARN_INT_CONVERSION = YES;
				CLANG_WARN_OBJC_ROOT_CLASS = YES_ERROR;
				CLANG_WARN_SUSPICIOUS_MOVE = YES;
				CLANG_WARN_UNREACHABLE_CODE = YES;
				CLANG_WARN__DUPLICATE_METHOD_MATCH = YES;
				"CODE_SIGN_IDENTITY[sdk=iphoneos*]" = "iPhone Developer";
				COPY_PHASE_STRIP = NO;
				DEBUG_INFORMATION_FORMAT = "dwarf-with-dsym";
				ENABLE_NS_ASSERTIONS = NO;
				ENABLE_STRICT_OBJC_MSGSEND = YES;
				GCC_C_LANGUAGE_STANDARD = gnu99;
				GCC_NO_COMMON_BLOCKS = YES;
				GCC_WARN_64_TO_32_BIT_CONVERSION = YES;
				GCC_WARN_ABOUT_RETURN_TYPE = YES_ERROR;
				GCC_WARN_UNDECLARED_SELECTOR = YES;
				GCC_WARN_UNINITIALIZED_AUTOS = YES_AGGRESSIVE;
				GCC_WARN_UNUSED_FUNCTION = YES;
				GCC_WARN_UNUSED_VARIABLE = YES;
				IPHONEOS_DEPLOYMENT_TARGET = 10.2;
				MTL_ENABLE_DEBUG_INFO = NO;
				SDKROOT = iphoneos;
				SWIFT_OPTIMIZATION_LEVEL = "-Owholemodule";
				VALIDATE_PRODUCT = YES;
			};
			name = Release;
		};
		A93ECCC81E82F67B00DE6413 /* Debug */ = {
			isa = XCBuildConfiguration;
			baseConfigurationReference = 67CAD2F4F3452BB9E142EF4C /* Pods-Studacom.debug.xcconfig */;
			buildSettings = {
				ASSETCATALOG_COMPILER_APPICON_NAME = AppIcon;
				DEVELOPMENT_TEAM = PB5S47GH58;
				INFOPLIST_FILE = Studacom/Info.plist;
				IPHONEOS_DEPLOYMENT_TARGET = 10.3;
				LD_RUNPATH_SEARCH_PATHS = "$(inherited) @executable_path/Frameworks";
				PRODUCT_BUNDLE_IDENTIFIER = RobinOsolinski.Studacom;
				PRODUCT_NAME = "$(TARGET_NAME)";
				SWIFT_VERSION = 3.0;
			};
			name = Debug;
		};
		A93ECCC91E82F67B00DE6413 /* Release */ = {
			isa = XCBuildConfiguration;
			baseConfigurationReference = A2B17CD6C3F50DD876F199CC /* Pods-Studacom.release.xcconfig */;
			buildSettings = {
				ASSETCATALOG_COMPILER_APPICON_NAME = AppIcon;
				DEVELOPMENT_TEAM = PB5S47GH58;
				INFOPLIST_FILE = Studacom/Info.plist;
				IPHONEOS_DEPLOYMENT_TARGET = 10.3;
				LD_RUNPATH_SEARCH_PATHS = "$(inherited) @executable_path/Frameworks";
				PRODUCT_BUNDLE_IDENTIFIER = RobinOsolinski.Studacom;
				PRODUCT_NAME = "$(TARGET_NAME)";
				SWIFT_VERSION = 3.0;
			};
			name = Release;
		};
/* End XCBuildConfiguration section */

/* Begin XCConfigurationList section */
		A93ECCAD1E82F67B00DE6413 /* Build configuration list for PBXProject "Studacom" */ = {
			isa = XCConfigurationList;
			buildConfigurations = (
				A93ECCC51E82F67B00DE6413 /* Debug */,
				A93ECCC61E82F67B00DE6413 /* Release */,
			);
			defaultConfigurationIsVisible = 0;
			defaultConfigurationName = Release;
		};
		A93ECCC71E82F67B00DE6413 /* Build configuration list for PBXNativeTarget "Studacom" */ = {
			isa = XCConfigurationList;
			buildConfigurations = (
				A93ECCC81E82F67B00DE6413 /* Debug */,
				A93ECCC91E82F67B00DE6413 /* Release */,
			);
			defaultConfigurationIsVisible = 0;
			defaultConfigurationName = Release;
		};
/* End XCConfigurationList section */

/* Begin XCVersionGroup section */
		A93ECCBC1E82F67B00DE6413 /* Studacom.xcdatamodeld */ = {
			isa = XCVersionGroup;
			children = (
				A93ECCBD1E82F67B00DE6413 /* Studacom.xcdatamodel */,
			);
			currentVersion = A93ECCBD1E82F67B00DE6413 /* Studacom.xcdatamodel */;
			path = Studacom.xcdatamodeld;
			sourceTree = "<group>";
			versionGroupType = wrapper.xcdatamodel;
		};
/* End XCVersionGroup section */
	};
	rootObject = A93ECCAA1E82F67B00DE6413 /* Project object */;
}
